
Microsoft Visual Studio Solution File, Format Version 12.00
# Visual Studio 15
Project("{FAE04EC0-301F-11D3-BF4B-00C04F79EFBC}") = "Assembly-CSharp", "Assembly-CSharp.csproj", "{2DA9BA53-07CC-D87A-F1A5-5CAF317C0972}"
EndProject
Global
	GlobalSection(SolutionConfigurationPlatforms) = preSolution
		Debug|Any CPU = Debug|Any CPU
		Release|Any CPU = Release|Any CPU
	EndGlobalSection
	GlobalSection(ProjectConfigurationPlatforms) = postSolution
		{2DA9BA53-07CC-D87A-F1A5-5CAF317C0972}.Debug|Any CPU.ActiveCfg = Debug|Any CPU
		{2DA9BA53-07CC-D87A-F1A5-5CAF317C0972}.Debug|Any CPU.Build.0 = Debug|Any CPU
		{2DA9BA53-07CC-D87A-F1A5-5CAF317C0972}.Release|Any CPU.ActiveCfg = Release|Any CPU
		{2DA9BA53-07CC-D87A-F1A5-5CAF317C0972}.Release|Any CPU.Build.0 = Release|Any CPU
	EndGlobalSection
	GlobalSection(SolutionProperties) = preSolution
		HideSolutionNode = FALSE
	EndGlobalSection
EndGlobal
